
Microsoft Visual Studio Solution File, Format Version 12.00
# Visual Studio Version 17
VisualStudioVersion = 17.12.35527.113
MinimumVisualStudioVersion = 10.0.40219.1
Project("{2150E333-8FDC-42A3-9474-1A3956D46DE8}") = "Full", "Full", "{CF6B4ACC-F046-48DB-B139-9C35B0B66941}"
EndProject
Project("{FAE04EC0-301F-11D3-BF4B-00C04F79EFBC}") = "MVCDemo-Full-472", "..\Full\MVCDemo-Full-472\MVCDemo-Full-472\MVCDemo-Full-472.csproj", "{98E69000-E8B6-4161-A81E-D2E2847983C3}"
EndProject
Project("{FAE04EC0-301F-11D3-BF4B-00C04F79EFBC}") = "SpaDemo-Full-472", "..\Full\SpaDemo-Full-472\SpaDemo-Full-472\SpaDemo-Full-472.csproj", "{3C5B432C-AA65-479E-92E3-A1E6A873C2A0}"
EndProject
Project("{FAE04EC0-301F-11D3-BF4B-00C04F79EFBC}") = "WebFormsDemo-Full-472", "..\Full\WebFormsDemo-Full-472\WebFormsDemo-Full-472\WebFormsDemo-Full-472.csproj", "{5E9B9C5E-8DE9-4FBE-9DF9-2FFDD07E2E9E}"
EndProject
Project("{2150E333-8FDC-42A3-9474-1A3956D46DE8}") = "Core", "Core", "{596C77DF-86C3-462C-948A-62BE3EFF744A}"
EndProject
Project("{FAE04EC0-301F-11D3-BF4B-00C04F79EFBC}") = "BlazorServerDemo-Core-60", "..\Core\BlazorServerDemo-Core-60\BlazorServerDemo-Core-60\BlazorServerDemo-Core-60.csproj", "{2A8D9D8A-72E4-47BB-9ED9-A6F6F6BFFC7D}"
EndProject
Project("{FAE04EC0-301F-11D3-BF4B-00C04F79EFBC}") = "BlazorWebAppDemo-Core-80", "..\Core\BlazorWebAppDemo-Core-80\BlazorWebAppDemo-Core-80\BlazorWebAppDemo-Core-80.csproj", "{E0A06A19-270A-4652-8C66-C505D58E51F7}"
EndProject
Project("{FAE04EC0-301F-11D3-BF4B-00C04F79EFBC}") = "BlazorWebAssemblyDemo-Core-80", "..\Core\BlazorWebAssemblyDemo-Core-80\BlazorWebAssemblyDemo-Core-80\BlazorWebAssemblyDemo-Core-80.csproj", "{183FED94-0714-4394-BAD7-1C4FC6581206}"
EndProject
Project("{FAE04EC0-301F-11D3-BF4B-00C04F79EFBC}") = "MVCDemo-Core-80", "..\Core\MVCDemo-Core-80\MVCDemo-Core-80\MVCDemo-Core-80.csproj", "{1E1D6305-D031-4747-A531-D8D1185F6A05}"
EndProject
Project("{FAE04EC0-301F-11D3-BF4B-00C04F79EFBC}") = "RazorDemo-Core-80", "..\Core\RazorDemo-Core-80\RazorDemo-Core-80\RazorDemo-Core-80.csproj", "{44009594-5D6F-4883-9714-B9EB4925ACBB}"
EndProject
Global
	GlobalSection(SolutionConfigurationPlatforms) = preSolution
		Debug|Any CPU = Debug|Any CPU
		Release|Any CPU = Release|Any CPU
	EndGlobalSection
	GlobalSection(ProjectConfigurationPlatforms) = postSolution
		{98E69000-E8B6-4161-A81E-D2E2847983C3}.Debug|Any CPU.ActiveCfg = Debug|Any CPU
		{98E69000-E8B6-4161-A81E-D2E2847983C3}.Debug|Any CPU.Build.0 = Debug|Any CPU
		{98E69000-E8B6-4161-A81E-D2E2847983C3}.Release|Any CPU.ActiveCfg = Release|Any CPU
		{98E69000-E8B6-4161-A81E-D2E2847983C3}.Release|Any CPU.Build.0 = Release|Any CPU
		{3C5B432C-AA65-479E-92E3-A1E6A873C2A0}.Debug|Any CPU.ActiveCfg = Debug|Any CPU
		{3C5B432C-AA65-479E-92E3-A1E6A873C2A0}.Debug|Any CPU.Build.0 = Debug|Any CPU
		{3C5B432C-AA65-479E-92E3-A1E6A873C2A0}.Release|Any CPU.ActiveCfg = Release|Any CPU
		{3C5B432C-AA65-479E-92E3-A1E6A873C2A0}.Release|Any CPU.Build.0 = Release|Any CPU
		{5E9B9C5E-8DE9-4FBE-9DF9-2FFDD07E2E9E}.Debug|Any CPU.ActiveCfg = Debug|Any CPU
		{5E9B9C5E-8DE9-4FBE-9DF9-2FFDD07E2E9E}.Debug|Any CPU.Build.0 = Debug|Any CPU
		{5E9B9C5E-8DE9-4FBE-9DF9-2FFDD07E2E9E}.Release|Any CPU.ActiveCfg = Release|Any CPU
		{5E9B9C5E-8DE9-4FBE-9DF9-2FFDD07E2E9E}.Release|Any CPU.Build.0 = Release|Any CPU
		{2A8D9D8A-72E4-47BB-9ED9-A6F6F6BFFC7D}.Debug|Any CPU.ActiveCfg = Debug|Any CPU
		{2A8D9D8A-72E4-47BB-9ED9-A6F6F6BFFC7D}.Debug|Any CPU.Build.0 = Debug|Any CPU
		{2A8D9D8A-72E4-47BB-9ED9-A6F6F6BFFC7D}.Release|Any CPU.ActiveCfg = Release|Any CPU
		{2A8D9D8A-72E4-47BB-9ED9-A6F6F6BFFC7D}.Release|Any CPU.Build.0 = Release|Any CPU
		{E0A06A19-270A-4652-8C66-C505D58E51F7}.Debug|Any CPU.ActiveCfg = Debug|Any CPU
		{E0A06A19-270A-4652-8C66-C505D58E51F7}.Debug|Any CPU.Build.0 = Debug|Any CPU
		{E0A06A19-270A-4652-8C66-C505D58E51F7}.Release|Any CPU.ActiveCfg = Release|Any CPU
		{E0A06A19-270A-4652-8C66-C505D58E51F7}.Release|Any CPU.Build.0 = Release|Any CPU
		{183FED94-0714-4394-BAD7-1C4FC6581206}.Debug|Any CPU.ActiveCfg = Debug|Any CPU
		{183FED94-0714-4394-BAD7-1C4FC6581206}.Debug|Any CPU.Build.0 = Debug|Any CPU
		{183FED94-0714-4394-BAD7-1C4FC6581206}.Release|Any CPU.ActiveCfg = Release|Any CPU
		{183FED94-0714-4394-BAD7-1C4FC6581206}.Release|Any CPU.Build.0 = Release|Any CPU
		{1E1D6305-D031-4747-A531-D8D1185F6A05}.Debug|Any CPU.ActiveCfg = Debug|Any CPU
		{1E1D6305-D031-4747-A531-D8D1185F6A05}.Debug|Any CPU.Build.0 = Debug|Any CPU
		{1E1D6305-D031-4747-A531-D8D1185F6A05}.Release|Any CPU.ActiveCfg = Release|Any CPU
		{1E1D6305-D031-4747-A531-D8D1185F6A05}.Release|Any CPU.Build.0 = Release|Any CPU
		{44009594-5D6F-4883-9714-B9EB4925ACBB}.Debug|Any CPU.ActiveCfg = Debug|Any CPU
		{44009594-5D6F-4883-9714-B9EB4925ACBB}.Debug|Any CPU.Build.0 = Debug|Any CPU
		{44009594-5D6F-4883-9714-B9EB4925ACBB}.Release|Any CPU.ActiveCfg = Release|Any CPU
		{44009594-5D6F-4883-9714-B9EB4925ACBB}.Release|Any CPU.Build.0 = Release|Any CPU
	EndGlobalSection
	GlobalSection(SolutionProperties) = preSolution
		HideSolutionNode = FALSE
	EndGlobalSection
	GlobalSection(NestedProjects) = preSolution
		{98E69000-E8B6-4161-A81E-D2E2847983C3} = {CF6B4ACC-F046-48DB-B139-9C35B0B66941}
		{3C5B432C-AA65-479E-92E3-A1E6A873C2A0} = {CF6B4ACC-F046-48DB-B139-9C35B0B66941}
		{5E9B9C5E-8DE9-4FBE-9DF9-2FFDD07E2E9E} = {CF6B4ACC-F046-48DB-B139-9C35B0B66941}
		{2A8D9D8A-72E4-47BB-9ED9-A6F6F6BFFC7D} = {596C77DF-86C3-462C-948A-62BE3EFF744A}
		{E0A06A19-270A-4652-8C66-C505D58E51F7} = {596C77DF-86C3-462C-948A-62BE3EFF744A}
		{183FED94-0714-4394-BAD7-1C4FC6581206} = {596C77DF-86C3-462C-948A-62BE3EFF744A}
		{1E1D6305-D031-4747-A531-D8D1185F6A05} = {596C77DF-86C3-462C-948A-62BE3EFF744A}
		{44009594-5D6F-4883-9714-B9EB4925ACBB} = {596C77DF-86C3-462C-948A-62BE3EFF744A}
	EndGlobalSection
EndGlobal
