
Microsoft Visual Studio Solution File, Format Version 12.00
# Visual Studio Version 17
VisualStudioVersion = 17.12.35527.113 d17.12
MinimumVisualStudioVersion = 10.0.40219.1
Project("{FAE04EC0-301F-11D3-BF4B-00C04F79EFBC}") = "RazorDemo-Core-80", "RazorDemo-Core-80\RazorDemo-Core-80.csproj", "{EA20DE39-9BF5-4696-8FE6-96288D87ADC5}"
EndProject
Global
	GlobalSection(SolutionConfigurationPlatforms) = preSolution
		Debug|Any CPU = Debug|Any CPU
		Release|Any CPU = Release|Any CPU
	EndGlobalSection
	GlobalSection(ProjectConfigurationPlatforms) = postSolution
		{EA20DE39-9BF5-4696-8FE6-96288D87ADC5}.Debug|Any CPU.ActiveCfg = Debug|Any CPU
		{EA20DE39-9BF5-4696-8FE6-96288D87ADC5}.Debug|Any CPU.Build.0 = Debug|Any CPU
		{EA20DE39-9BF5-4696-8FE6-96288D87ADC5}.Release|Any CPU.ActiveCfg = Release|Any CPU
		{EA20DE39-9BF5-4696-8FE6-96288D87ADC5}.Release|Any CPU.Build.0 = Release|Any CPU
	EndGlobalSection
	GlobalSection(SolutionProperties) = preSolution
		HideSolutionNode = FALSE
	EndGlobalSection
EndGlobal
